# This file is automatically @generated by Cargo.
# It is not intended for manual editing.
version = 4

[[package]]
name = "hyperscanemu"
version = "0.1.0"
dependencies = [
 "hyperscanemu-core",
]

[[package]]
name = "hyperscanemu-core"
version = "0.1.0"

[[package]]
name = "hyperscanemu-libretro"
version = "0.1.0"
dependencies = [
 "hyperscanemu-core",
]
